{
  "version": 4,
  "terraform_version": "1.7.0",
  "serial": 527,
  "lineage": "98885d53-aac9-70e2-3720-0037bf0ba10d",
  "outputs": {
    "private_ip_db": {
      "value": "10.0.0.10",
      "type": "string"
    },
    "public_ip_db": {
      "value": {
        "allocation_method": "Static",
        "domain_name_label": null,
        "edge_zone": "",
        "fqdn": null,
        "id": "/subscriptions/f99fd6bf-e5f7-4050-8a87-7b12f5d4bb9f/resourceGroups/rg-tr-westus/providers/Microsoft.Network/publicIPAddresses/pip-te-db-westus",
        "idle_timeout_in_minutes": 4,
        "ip_address": "20.237.250.30",
        "ip_tags": {},
        "ip_version": "IPv4",
        "location": "westus",
        "name": "pip-te-db-westus",
        "public_ip_prefix_id": null,
        "resource_group_name": "rg-tr-westus",
        "reverse_fqdn": null,
        "sku": "Basic",
        "sku_tier": "Regional",
        "tags": {},
        "timeouts": null,
        "zones": []
      },
      "type": [
        "object",
        {
          "allocation_method": "string",
          "domain_name_label": "string",
          "edge_zone": "string",
          "fqdn": "string",
          "id": "string",
          "idle_timeout_in_minutes": "number",
          "ip_address": "string",
          "ip_tags": [
            "map",
            "string"
          ],
          "ip_version": "string",
          "location": "string",
          "name": "string",
          "public_ip_prefix_id": "string",
          "resource_group_name": "string",
          "reverse_fqdn": "string",
          "sku": "string",
          "sku_tier": "string",
          "tags": [
            "map",
            "string"
          ],
          "timeouts": [
            "object",
            {
              "create": "string",
              "delete": "string",
              "read": "string",
              "update": "string"
            }
          ],
          "zones": [
            "set",
            "string"
          ]
        }
      ]
    },
    "resource_group_name": {
      "value": "rg-tr-westus",
      "type": "string"
    }
  },
  "resources": [
    {
      "mode": "data",
      "type": "template_file",
      "name": "base64_encoded_script",
      "provider": "provider[\"registry.terraform.io/hashicorp/template\"]",
      "instances": [
        {
          "schema_version": 0,
          "attributes": {
            "filename": null,
            "id": "74f4ba1a4402d91ae127f9142c777ba7414f1458301d35bac275a5bfe2dbf758",
            "rendered": "sudo apt update\r\nsudo apt install -y python3 python3-pip\r\nsudo apt install libpq-dev -y\r\nsudo apt install python3-flask\r\n\r\npip3 install fastapi\r\npip3 install uvicorn\r\npip3 install psycopg2\r\npip3 install Flask\r\npip3 install Flask-SQLAlchemy\r\n\r\nFlask Flask-SQLAlchemy psycopg2\r\napt-get install -y python3-flask python3-itsdangerous python3-pyinotify python3-simplejson python3-werkzeug\r\ngit clone https://github.com/tal098123/baruchi_project.git\r\n# Run the Flask app\r\npython3 /var/lib/waagent/custom-script/download/0/tr_progect/flask_app/app.py \u0026\r\n\r\n\r\n\r\n\r\n",
            "template": "sudo apt update\r\nsudo apt install -y python3 python3-pip\r\nsudo apt install libpq-dev -y\r\nsudo apt install python3-flask\r\n\r\npip3 install fastapi\r\npip3 install uvicorn\r\npip3 install psycopg2\r\npip3 install Flask\r\npip3 install Flask-SQLAlchemy\r\n\r\nFlask Flask-SQLAlchemy psycopg2\r\napt-get install -y python3-flask python3-itsdangerous python3-pyinotify python3-simplejson python3-werkzeug\r\ngit clone https://github.com/tal098123/baruchi_project.git\r\n# Run the Flask app\r\npython3 /var/lib/waagent/custom-script/download/0/tr_progect/flask_app/app.py \u0026\r\n\r\n\r\n\r\n\r\n",
            "vars": null
          },
          "sensitive_attributes": []
        }
      ]
    },
    {
      "mode": "managed",
      "type": "azurerm_linux_virtual_machine",
      "name": "az_vm_db",
      "provider": "provider[\"registry.terraform.io/hashicorp/azurerm\"]",
      "instances": [
        {
          "schema_version": 0,
          "attributes": {
            "additional_capabilities": [],
            "admin_password": "Talabekasis2",
            "admin_ssh_key": [],
            "admin_username": "tal",
            "allow_extension_operations": true,
            "availability_set_id": "",
            "boot_diagnostics": [],
            "computer_name": "vm-db",
            "custom_data": null,
            "dedicated_host_group_id": "",
            "dedicated_host_id": "",
            "disable_password_authentication": false,
            "edge_zone": "",
            "encryption_at_host_enabled": false,
            "eviction_policy": "",
            "extensions_time_budget": "PT1H30M",
            "id": "/subscriptions/f99fd6bf-e5f7-4050-8a87-7b12f5d4bb9f/resourceGroups/rg-tr-westus/providers/Microsoft.Compute/virtualMachines/vm_db_tr_westus",
            "identity": [],
            "license_type": "",
            "location": "westus",
            "max_bid_price": -1,
            "name": "vm_db_tr_westus",
            "network_interface_ids": [
              "/subscriptions/f99fd6bf-e5f7-4050-8a87-7b12f5d4bb9f/resourceGroups/rg-tr-westus/providers/Microsoft.Network/networkInterfaces/nic-tr-db-westus"
            ],
            "os_disk": [
              {
                "caching": "ReadWrite",
                "diff_disk_settings": [],
                "disk_encryption_set_id": "",
                "disk_size_gb": 30,
                "name": "os-disk-tr-db-westus",
                "storage_account_type": "StandardSSD_LRS",
                "write_accelerator_enabled": false
              }
            ],
            "patch_mode": "ImageDefault",
            "plan": [],
            "platform_fault_domain": -1,
            "priority": "Regular",
            "private_ip_address": "10.0.0.10",
            "private_ip_addresses": [
              "10.0.0.10"
            ],
            "provision_vm_agent": true,
            "proximity_placement_group_id": "",
            "public_ip_address": "",
            "public_ip_addresses": [],
            "resource_group_name": "rg-tr-westus",
            "secret": [],
            "secure_boot_enabled": false,
            "size": "Standard_DS1_v2",
            "source_image_id": "",
            "source_image_reference": [
              {
                "offer": "0001-com-ubuntu-server-jammy",
                "publisher": "Canonical",
                "sku": "22_04-lts-gen2",
                "version": "latest"
              }
            ],
            "tags": {},
            "termination_notification": [],
            "timeouts": null,
            "user_data": "",
            "virtual_machine_id": "81884801-162b-4319-9948-210ce273ee03",
            "virtual_machine_scale_set_id": "",
            "vtpm_enabled": false,
            "zone": ""
          },
          "sensitive_attributes": [],
          "private": "eyJlMmJmYjczMC1lY2FhLTExZTYtOGY4OC0zNDM2M2JjN2M0YzAiOnsiY3JlYXRlIjoyNzAwMDAwMDAwMDAwLCJkZWxldGUiOjI3MDAwMDAwMDAwMDAsInJlYWQiOjMwMDAwMDAwMDAwMCwidXBkYXRlIjoyNzAwMDAwMDAwMDAwfX0=",
          "dependencies": [
            "azurerm_network_interface.az_nic_db",
            "azurerm_subnet.az_snet_db_tr_westus",
            "azurerm_virtual_network.az_vnet"
          ]
        }
      ]
    },
    {
      "mode": "managed",
      "type": "azurerm_linux_virtual_machine",
      "name": "az_vm_webapp",
      "provider": "provider[\"registry.terraform.io/hashicorp/azurerm\"]",
      "instances": [
        {
          "schema_version": 0,
          "attributes": {
            "additional_capabilities": [],
            "admin_password": "Talabekasis2",
            "admin_ssh_key": [],
            "admin_username": "tal",
            "allow_extension_operations": true,
            "availability_set_id": "",
            "boot_diagnostics": [],
            "computer_name": "vm-webapp",
            "custom_data": null,
            "dedicated_host_group_id": "",
            "dedicated_host_id": "",
            "disable_password_authentication": false,
            "edge_zone": "",
            "encryption_at_host_enabled": false,
            "eviction_policy": "",
            "extensions_time_budget": "PT1H30M",
            "id": "/subscriptions/f99fd6bf-e5f7-4050-8a87-7b12f5d4bb9f/resourceGroups/rg-tr-westus/providers/Microsoft.Compute/virtualMachines/vm_webapp_tr_westus",
            "identity": [],
            "license_type": "",
            "location": "westus",
            "max_bid_price": -1,
            "name": "vm_webapp_tr_westus",
            "network_interface_ids": [
              "/subscriptions/f99fd6bf-e5f7-4050-8a87-7b12f5d4bb9f/resourceGroups/rg-tr-westus/providers/Microsoft.Network/networkInterfaces/nic-tr-webapp-westus"
            ],
            "os_disk": [
              {
                "caching": "ReadWrite",
                "diff_disk_settings": [],
                "disk_encryption_set_id": "",
                "disk_size_gb": 30,
                "name": "os-disk-tr-webapp-westus",
                "storage_account_type": "StandardSSD_LRS",
                "write_accelerator_enabled": false
              }
            ],
            "patch_mode": "ImageDefault",
            "plan": [],
            "platform_fault_domain": -1,
            "priority": "Regular",
            "private_ip_address": "10.0.1.4",
            "private_ip_addresses": [
              "10.0.1.4"
            ],
            "provision_vm_agent": true,
            "proximity_placement_group_id": "",
            "public_ip_address": "40.118.144.85",
            "public_ip_addresses": [
              "40.118.144.85"
            ],
            "resource_group_name": "rg-tr-westus",
            "secret": [],
            "secure_boot_enabled": false,
            "size": "Standard_DS1_v2",
            "source_image_id": "",
            "source_image_reference": [
              {
                "offer": "0001-com-ubuntu-server-jammy",
                "publisher": "Canonical",
                "sku": "22_04-lts-gen2",
                "version": "latest"
              }
            ],
            "tags": {},
            "termination_notification": [],
            "timeouts": null,
            "user_data": "",
            "virtual_machine_id": "8a2a4fc9-d0ec-40b6-92aa-358e695ca7e3",
            "virtual_machine_scale_set_id": "",
            "vtpm_enabled": false,
            "zone": ""
          },
          "sensitive_attributes": [],
          "private": "eyJlMmJmYjczMC1lY2FhLTExZTYtOGY4OC0zNDM2M2JjN2M0YzAiOnsiY3JlYXRlIjoyNzAwMDAwMDAwMDAwLCJkZWxldGUiOjI3MDAwMDAwMDAwMDAsInJlYWQiOjMwMDAwMDAwMDAwMCwidXBkYXRlIjoyNzAwMDAwMDAwMDAwfX0=",
          "dependencies": [
            "azurerm_network_interface.az_nic_webapp",
            "azurerm_public_ip.az_pip_webapp",
            "azurerm_subnet.az_snet_webapp_tr_westus",
            "azurerm_virtual_network.az_vnet"
          ]
        }
      ]
    },
    {
      "mode": "managed",
      "type": "azurerm_network_interface",
      "name": "az_nic_db",
      "provider": "provider[\"registry.terraform.io/hashicorp/azurerm\"]",
      "instances": [
        {
          "schema_version": 0,
          "attributes": {
            "applied_dns_servers": [],
            "dns_servers": [],
            "edge_zone": "",
            "enable_accelerated_networking": false,
            "enable_ip_forwarding": false,
            "id": "/subscriptions/f99fd6bf-e5f7-4050-8a87-7b12f5d4bb9f/resourceGroups/rg-tr-westus/providers/Microsoft.Network/networkInterfaces/nic-tr-db-westus",
            "internal_dns_name_label": "",
            "internal_domain_name_suffix": "g0a0fn1c5ofezfdqxg0zx3x5eb.dx.internal.cloudapp.net",
            "ip_configuration": [
              {
                "gateway_load_balancer_frontend_ip_configuration_id": "",
                "name": "nic-ip-config-tr-db-westus",
                "primary": true,
                "private_ip_address": "10.0.0.10",
                "private_ip_address_allocation": "Static",
                "private_ip_address_version": "IPv4",
                "public_ip_address_id": "",
                "subnet_id": "/subscriptions/f99fd6bf-e5f7-4050-8a87-7b12f5d4bb9f/resourceGroups/rg-tr-westus/providers/Microsoft.Network/virtualNetworks/vnet-tr-westus/subnets/snet-db-tr-westus"
              }
            ],
            "location": "westus",
            "mac_address": "00-22-48-03-D9-8A",
            "name": "nic-tr-db-westus",
            "private_ip_address": "10.0.0.10",
            "private_ip_addresses": [
              "10.0.0.10"
            ],
            "resource_group_name": "rg-tr-westus",
            "tags": {},
            "timeouts": null,
            "virtual_machine_id": "/subscriptions/f99fd6bf-e5f7-4050-8a87-7b12f5d4bb9f/resourceGroups/rg-tr-westus/providers/Microsoft.Compute/virtualMachines/vm_db_tr_westus"
          },
          "sensitive_attributes": [],
          "private": "eyJlMmJmYjczMC1lY2FhLTExZTYtOGY4OC0zNDM2M2JjN2M0YzAiOnsiY3JlYXRlIjoxODAwMDAwMDAwMDAwLCJkZWxldGUiOjE4MDAwMDAwMDAwMDAsInJlYWQiOjMwMDAwMDAwMDAwMCwidXBkYXRlIjoxODAwMDAwMDAwMDAwfX0=",
          "dependencies": [
            "azurerm_subnet.az_snet_db_tr_westus",
            "azurerm_virtual_network.az_vnet"
          ]
        }
      ]
    },
    {
      "mode": "managed",
      "type": "azurerm_network_interface",
      "name": "az_nic_webapp",
      "provider": "provider[\"registry.terraform.io/hashicorp/azurerm\"]",
      "instances": [
        {
          "schema_version": 0,
          "attributes": {
            "applied_dns_servers": [],
            "dns_servers": [],
            "edge_zone": "",
            "enable_accelerated_networking": false,
            "enable_ip_forwarding": false,
            "id": "/subscriptions/f99fd6bf-e5f7-4050-8a87-7b12f5d4bb9f/resourceGroups/rg-tr-westus/providers/Microsoft.Network/networkInterfaces/nic-tr-webapp-westus",
            "internal_dns_name_label": "",
            "internal_domain_name_suffix": "g0a0fn1c5ofezfdqxg0zx3x5eb.dx.internal.cloudapp.net",
            "ip_configuration": [
              {
                "gateway_load_balancer_frontend_ip_configuration_id": "",
                "name": "nic-ip-config-tr-webapp-westus",
                "primary": true,
                "private_ip_address": "10.0.1.4",
                "private_ip_address_allocation": "Dynamic",
                "private_ip_address_version": "IPv4",
                "public_ip_address_id": "/subscriptions/f99fd6bf-e5f7-4050-8a87-7b12f5d4bb9f/resourceGroups/rg-tr-westus/providers/Microsoft.Network/publicIPAddresses/pip-te-webapp-westus",
                "subnet_id": "/subscriptions/f99fd6bf-e5f7-4050-8a87-7b12f5d4bb9f/resourceGroups/rg-tr-westus/providers/Microsoft.Network/virtualNetworks/vnet-tr-westus/subnets/snet-webapp-tr-westus"
              }
            ],
            "location": "westus",
            "mac_address": "00-22-48-03-D6-82",
            "name": "nic-tr-webapp-westus",
            "private_ip_address": "10.0.1.4",
            "private_ip_addresses": [
              "10.0.1.4"
            ],
            "resource_group_name": "rg-tr-westus",
            "tags": {},
            "timeouts": null,
            "virtual_machine_id": "/subscriptions/f99fd6bf-e5f7-4050-8a87-7b12f5d4bb9f/resourceGroups/rg-tr-westus/providers/Microsoft.Compute/virtualMachines/vm_webapp_tr_westus"
          },
          "sensitive_attributes": [],
          "private": "eyJlMmJmYjczMC1lY2FhLTExZTYtOGY4OC0zNDM2M2JjN2M0YzAiOnsiY3JlYXRlIjoxODAwMDAwMDAwMDAwLCJkZWxldGUiOjE4MDAwMDAwMDAwMDAsInJlYWQiOjMwMDAwMDAwMDAwMCwidXBkYXRlIjoxODAwMDAwMDAwMDAwfX0=",
          "dependencies": [
            "azurerm_public_ip.az_pip_webapp",
            "azurerm_subnet.az_snet_webapp_tr_westus",
            "azurerm_virtual_network.az_vnet"
          ]
        }
      ]
    },
    {
      "mode": "managed",
      "type": "azurerm_network_security_group",
      "name": "az_nsg_db",
      "provider": "provider[\"registry.terraform.io/hashicorp/azurerm\"]",
      "instances": [
        {
          "schema_version": 0,
          "attributes": {
            "id": "/subscriptions/f99fd6bf-e5f7-4050-8a87-7b12f5d4bb9f/resourceGroups/rg-tr-westus/providers/Microsoft.Network/networkSecurityGroups/nsg-db-tr-westus",
            "location": "westus",
            "name": "nsg-db-tr-westus",
            "resource_group_name": "rg-tr-westus",
            "security_rule": [
              {
                "access": "Allow",
                "description": "",
                "destination_address_prefix": "*",
                "destination_address_prefixes": [],
                "destination_application_security_group_ids": [],
                "destination_port_range": "22",
                "destination_port_ranges": [],
                "direction": "Inbound",
                "name": "nsgsr_22",
                "priority": 105,
                "protocol": "*",
                "source_address_prefix": "10.0.1.0/24",
                "source_address_prefixes": [],
                "source_application_security_group_ids": [],
                "source_port_range": "*",
                "source_port_ranges": []
              },
              {
                "access": "Allow",
                "description": "",
                "destination_address_prefix": "*",
                "destination_address_prefixes": [],
                "destination_application_security_group_ids": [],
                "destination_port_range": "5432",
                "destination_port_ranges": [],
                "direction": "Inbound",
                "name": "nsgsr_5432",
                "priority": 100,
                "protocol": "*",
                "source_address_prefix": "10.0.1.0/24",
                "source_address_prefixes": [],
                "source_application_security_group_ids": [],
                "source_port_range": "*",
                "source_port_ranges": []
              },
              {
                "access": "Deny",
                "description": "",
                "destination_address_prefix": "*",
                "destination_address_prefixes": [],
                "destination_application_security_group_ids": [],
                "destination_port_range": "*",
                "destination_port_ranges": [],
                "direction": "Inbound",
                "name": "nsgsr_deny",
                "priority": 110,
                "protocol": "*",
                "source_address_prefix": "*",
                "source_address_prefixes": [],
                "source_application_security_group_ids": [],
                "source_port_range": "*",
                "source_port_ranges": []
              }
            ],
            "tags": {},
            "timeouts": null
          },
          "sensitive_attributes": [],
          "private": "eyJlMmJmYjczMC1lY2FhLTExZTYtOGY4OC0zNDM2M2JjN2M0YzAiOnsiY3JlYXRlIjoxODAwMDAwMDAwMDAwLCJkZWxldGUiOjE4MDAwMDAwMDAwMDAsInJlYWQiOjMwMDAwMDAwMDAwMCwidXBkYXRlIjoxODAwMDAwMDAwMDAwfX0="
        }
      ]
    },
    {
      "mode": "managed",
      "type": "azurerm_network_security_group",
      "name": "az_nsg_webapp",
      "provider": "provider[\"registry.terraform.io/hashicorp/azurerm\"]",
      "instances": [
        {
          "schema_version": 0,
          "attributes": {
            "id": "/subscriptions/f99fd6bf-e5f7-4050-8a87-7b12f5d4bb9f/resourceGroups/rg-tr-westus/providers/Microsoft.Network/networkSecurityGroups/nsg-webapp-tr-westus",
            "location": "westus",
            "name": "nsg-webapp-tr-westus",
            "resource_group_name": "rg-tr-westus",
            "security_rule": [
              {
                "access": "Allow",
                "description": "",
                "destination_address_prefix": "*",
                "destination_address_prefixes": [],
                "destination_application_security_group_ids": [],
                "destination_port_range": "22",
                "destination_port_ranges": [],
                "direction": "Inbound",
                "name": "nsgsr_22",
                "priority": 130,
                "protocol": "*",
                "source_address_prefix": "2.54.36.236",
                "source_address_prefixes": [],
                "source_application_security_group_ids": [],
                "source_port_range": "*",
                "source_port_ranges": []
              },
              {
                "access": "Allow",
                "description": "",
                "destination_address_prefix": "*",
                "destination_address_prefixes": [],
                "destination_application_security_group_ids": [],
                "destination_port_range": "5000",
                "destination_port_ranges": [],
                "direction": "Inbound",
                "name": "nsgsr_5000",
                "priority": 120,
                "protocol": "*",
                "source_address_prefix": "*",
                "source_address_prefixes": [],
                "source_application_security_group_ids": [],
                "source_port_range": "*",
                "source_port_ranges": []
              },
              {
                "access": "Allow",
                "description": "",
                "destination_address_prefix": "*",
                "destination_address_prefixes": [],
                "destination_application_security_group_ids": [],
                "destination_port_range": "80",
                "destination_port_ranges": [],
                "direction": "Inbound",
                "name": "nsgsr_80",
                "priority": 100,
                "protocol": "*",
                "source_address_prefix": "*",
                "source_address_prefixes": [],
                "source_application_security_group_ids": [],
                "source_port_range": "*",
                "source_port_ranges": []
              },
              {
                "access": "Allow",
                "description": "",
                "destination_address_prefix": "*",
                "destination_address_prefixes": [],
                "destination_application_security_group_ids": [],
                "destination_port_range": "8080",
                "destination_port_ranges": [],
                "direction": "Inbound",
                "name": "nsgsr_8080",
                "priority": 110,
                "protocol": "*",
                "source_address_prefix": "*",
                "source_address_prefixes": [],
                "source_application_security_group_ids": [],
                "source_port_range": "*",
                "source_port_ranges": []
              }
            ],
            "tags": {},
            "timeouts": null
          },
          "sensitive_attributes": [],
          "private": "eyJlMmJmYjczMC1lY2FhLTExZTYtOGY4OC0zNDM2M2JjN2M0YzAiOnsiY3JlYXRlIjoxODAwMDAwMDAwMDAwLCJkZWxldGUiOjE4MDAwMDAwMDAwMDAsInJlYWQiOjMwMDAwMDAwMDAwMCwidXBkYXRlIjoxODAwMDAwMDAwMDAwfX0="
        }
      ]
    },
    {
      "mode": "managed",
      "type": "azurerm_public_ip",
      "name": "az_pip_db",
      "provider": "provider[\"registry.terraform.io/hashicorp/azurerm\"]",
      "instances": [
        {
          "schema_version": 0,
          "attributes": {
            "allocation_method": "Static",
            "domain_name_label": null,
            "edge_zone": "",
            "fqdn": null,
            "id": "/subscriptions/f99fd6bf-e5f7-4050-8a87-7b12f5d4bb9f/resourceGroups/rg-tr-westus/providers/Microsoft.Network/publicIPAddresses/pip-te-db-westus",
            "idle_timeout_in_minutes": 4,
            "ip_address": "20.237.250.30",
            "ip_tags": {},
            "ip_version": "IPv4",
            "location": "westus",
            "name": "pip-te-db-westus",
            "public_ip_prefix_id": null,
            "resource_group_name": "rg-tr-westus",
            "reverse_fqdn": null,
            "sku": "Basic",
            "sku_tier": "Regional",
            "tags": {},
            "timeouts": null,
            "zones": []
          },
          "sensitive_attributes": [],
          "private": "eyJlMmJmYjczMC1lY2FhLTExZTYtOGY4OC0zNDM2M2JjN2M0YzAiOnsiY3JlYXRlIjoxODAwMDAwMDAwMDAwLCJkZWxldGUiOjE4MDAwMDAwMDAwMDAsInJlYWQiOjMwMDAwMDAwMDAwMCwidXBkYXRlIjoxODAwMDAwMDAwMDAwfX0="
        }
      ]
    },
    {
      "mode": "managed",
      "type": "azurerm_public_ip",
      "name": "az_pip_webapp",
      "provider": "provider[\"registry.terraform.io/hashicorp/azurerm\"]",
      "instances": [
        {
          "schema_version": 0,
          "attributes": {
            "allocation_method": "Dynamic",
            "domain_name_label": null,
            "edge_zone": "",
            "fqdn": null,
            "id": "/subscriptions/f99fd6bf-e5f7-4050-8a87-7b12f5d4bb9f/resourceGroups/rg-tr-westus/providers/Microsoft.Network/publicIPAddresses/pip-te-webapp-westus",
            "idle_timeout_in_minutes": 4,
            "ip_address": "40.118.144.85",
            "ip_tags": {},
            "ip_version": "IPv4",
            "location": "westus",
            "name": "pip-te-webapp-westus",
            "public_ip_prefix_id": null,
            "resource_group_name": "rg-tr-westus",
            "reverse_fqdn": null,
            "sku": "Basic",
            "sku_tier": "Regional",
            "tags": {},
            "timeouts": null,
            "zones": []
          },
          "sensitive_attributes": [],
          "private": "eyJlMmJmYjczMC1lY2FhLTExZTYtOGY4OC0zNDM2M2JjN2M0YzAiOnsiY3JlYXRlIjoxODAwMDAwMDAwMDAwLCJkZWxldGUiOjE4MDAwMDAwMDAwMDAsInJlYWQiOjMwMDAwMDAwMDAwMCwidXBkYXRlIjoxODAwMDAwMDAwMDAwfX0="
        }
      ]
    },
    {
      "mode": "managed",
      "type": "azurerm_resource_group",
      "name": "az_rg",
      "provider": "provider[\"registry.terraform.io/hashicorp/azurerm\"]",
      "instances": [
        {
          "schema_version": 0,
          "attributes": {
            "id": "/subscriptions/f99fd6bf-e5f7-4050-8a87-7b12f5d4bb9f/resourceGroups/rg-tr-westus",
            "location": "westus",
            "name": "rg-tr-westus",
            "tags": {},
            "timeouts": null
          },
          "sensitive_attributes": [],
          "private": "eyJlMmJmYjczMC1lY2FhLTExZTYtOGY4OC0zNDM2M2JjN2M0YzAiOnsiY3JlYXRlIjo1NDAwMDAwMDAwMDAwLCJkZWxldGUiOjU0MDAwMDAwMDAwMDAsInJlYWQiOjMwMDAwMDAwMDAwMCwidXBkYXRlIjo1NDAwMDAwMDAwMDAwfX0="
        }
      ]
    },
    {
      "mode": "managed",
      "type": "azurerm_subnet",
      "name": "az_snet_db_tr_westus",
      "provider": "provider[\"registry.terraform.io/hashicorp/azurerm\"]",
      "instances": [
        {
          "schema_version": 0,
          "attributes": {
            "address_prefixes": [
              "10.0.0.0/24"
            ],
            "delegation": [],
            "enforce_private_link_endpoint_network_policies": false,
            "enforce_private_link_service_network_policies": false,
            "id": "/subscriptions/f99fd6bf-e5f7-4050-8a87-7b12f5d4bb9f/resourceGroups/rg-tr-westus/providers/Microsoft.Network/virtualNetworks/vnet-tr-westus/subnets/snet-db-tr-westus",
            "name": "snet-db-tr-westus",
            "resource_group_name": "rg-tr-westus",
            "service_endpoint_policy_ids": [],
            "service_endpoints": [],
            "timeouts": null,
            "virtual_network_name": "vnet-tr-westus"
          },
          "sensitive_attributes": [],
          "private": "eyJlMmJmYjczMC1lY2FhLTExZTYtOGY4OC0zNDM2M2JjN2M0YzAiOnsiY3JlYXRlIjoxODAwMDAwMDAwMDAwLCJkZWxldGUiOjE4MDAwMDAwMDAwMDAsInJlYWQiOjMwMDAwMDAwMDAwMCwidXBkYXRlIjoxODAwMDAwMDAwMDAwfX0=",
          "dependencies": [
            "azurerm_virtual_network.az_vnet"
          ]
        }
      ]
    },
    {
      "mode": "managed",
      "type": "azurerm_subnet",
      "name": "az_snet_webapp_tr_westus",
      "provider": "provider[\"registry.terraform.io/hashicorp/azurerm\"]",
      "instances": [
        {
          "schema_version": 0,
          "attributes": {
            "address_prefixes": [
              "10.0.1.0/24"
            ],
            "delegation": [],
            "enforce_private_link_endpoint_network_policies": false,
            "enforce_private_link_service_network_policies": false,
            "id": "/subscriptions/f99fd6bf-e5f7-4050-8a87-7b12f5d4bb9f/resourceGroups/rg-tr-westus/providers/Microsoft.Network/virtualNetworks/vnet-tr-westus/subnets/snet-webapp-tr-westus",
            "name": "snet-webapp-tr-westus",
            "resource_group_name": "rg-tr-westus",
            "service_endpoint_policy_ids": [],
            "service_endpoints": [],
            "timeouts": null,
            "virtual_network_name": "vnet-tr-westus"
          },
          "sensitive_attributes": [],
          "private": "eyJlMmJmYjczMC1lY2FhLTExZTYtOGY4OC0zNDM2M2JjN2M0YzAiOnsiY3JlYXRlIjoxODAwMDAwMDAwMDAwLCJkZWxldGUiOjE4MDAwMDAwMDAwMDAsInJlYWQiOjMwMDAwMDAwMDAwMCwidXBkYXRlIjoxODAwMDAwMDAwMDAwfX0=",
          "dependencies": [
            "azurerm_virtual_network.az_vnet"
          ]
        }
      ]
    },
    {
      "mode": "managed",
      "type": "azurerm_subnet_network_security_group_association",
      "name": "az_snetsgas_db",
      "provider": "provider[\"registry.terraform.io/hashicorp/azurerm\"]",
      "instances": [
        {
          "schema_version": 0,
          "attributes": {
            "id": "/subscriptions/f99fd6bf-e5f7-4050-8a87-7b12f5d4bb9f/resourceGroups/rg-tr-westus/providers/Microsoft.Network/virtualNetworks/vnet-tr-westus/subnets/snet-db-tr-westus",
            "network_security_group_id": "/subscriptions/f99fd6bf-e5f7-4050-8a87-7b12f5d4bb9f/resourceGroups/rg-tr-westus/providers/Microsoft.Network/networkSecurityGroups/nsg-db-tr-westus",
            "subnet_id": "/subscriptions/f99fd6bf-e5f7-4050-8a87-7b12f5d4bb9f/resourceGroups/rg-tr-westus/providers/Microsoft.Network/virtualNetworks/vnet-tr-westus/subnets/snet-db-tr-westus",
            "timeouts": null
          },
          "sensitive_attributes": [],
          "private": "eyJlMmJmYjczMC1lY2FhLTExZTYtOGY4OC0zNDM2M2JjN2M0YzAiOnsiY3JlYXRlIjoxODAwMDAwMDAwMDAwLCJkZWxldGUiOjE4MDAwMDAwMDAwMDAsInJlYWQiOjMwMDAwMDAwMDAwMCwidXBkYXRlIjoxODAwMDAwMDAwMDAwfX0=",
          "dependencies": [
            "azurerm_network_security_group.az_nsg_db",
            "azurerm_subnet.az_snet_db_tr_westus",
            "azurerm_virtual_network.az_vnet"
          ]
        }
      ]
    },
    {
      "mode": "managed",
      "type": "azurerm_subnet_network_security_group_association",
      "name": "az_snetsgas_webapp",
      "provider": "provider[\"registry.terraform.io/hashicorp/azurerm\"]",
      "instances": [
        {
          "schema_version": 0,
          "attributes": {
            "id": "/subscriptions/f99fd6bf-e5f7-4050-8a87-7b12f5d4bb9f/resourceGroups/rg-tr-westus/providers/Microsoft.Network/virtualNetworks/vnet-tr-westus/subnets/snet-webapp-tr-westus",
            "network_security_group_id": "/subscriptions/f99fd6bf-e5f7-4050-8a87-7b12f5d4bb9f/resourceGroups/rg-tr-westus/providers/Microsoft.Network/networkSecurityGroups/nsg-webapp-tr-westus",
            "subnet_id": "/subscriptions/f99fd6bf-e5f7-4050-8a87-7b12f5d4bb9f/resourceGroups/rg-tr-westus/providers/Microsoft.Network/virtualNetworks/vnet-tr-westus/subnets/snet-webapp-tr-westus",
            "timeouts": null
          },
          "sensitive_attributes": [],
          "private": "eyJlMmJmYjczMC1lY2FhLTExZTYtOGY4OC0zNDM2M2JjN2M0YzAiOnsiY3JlYXRlIjoxODAwMDAwMDAwMDAwLCJkZWxldGUiOjE4MDAwMDAwMDAwMDAsInJlYWQiOjMwMDAwMDAwMDAwMCwidXBkYXRlIjoxODAwMDAwMDAwMDAwfX0=",
          "dependencies": [
            "azurerm_network_security_group.az_nsg_webapp",
            "azurerm_subnet.az_snet_webapp_tr_westus",
            "azurerm_virtual_network.az_vnet"
          ]
        }
      ]
    },
    {
      "mode": "managed",
      "type": "azurerm_virtual_machine_extension",
      "name": "az_vm_ext_script_db",
      "provider": "provider[\"registry.terraform.io/hashicorp/azurerm\"]",
      "instances": [
        {
          "schema_version": 0,
          "attributes": {
            "auto_upgrade_minor_version": false,
            "automatic_upgrade_enabled": false,
            "id": "/subscriptions/f99fd6bf-e5f7-4050-8a87-7b12f5d4bb9f/resourceGroups/rg-tr-westus/providers/Microsoft.Compute/virtualMachines/vm_db_tr_westus/extensions/vm-extension-db",
            "name": "vm-extension-db",
            "protected_settings": null,
            "publisher": "Microsoft.Azure.Extensions",
            "settings": "{\"script\":\"IyEvYmluL2Jhc2gNCg0KIyBVcGRhdGUgdGhlIHBhY2thZ2UgbGlzdCB0byBnZXQgdGhlIGxhdGVzdCBpbmZvcm1hdGlvbiBhYm91dCBhdmFpbGFibGUgcGFja2FnZXMNCnN1ZG8gYXB0IHVwZGF0ZQ0KDQojIEluc3RhbGwgUG9zdGdyZVNRTCBhbmQgaXRzIGNvbW1hbmQtbGluZSB0b29scw0Kc3VkbyBhcHQgaW5zdGFsbCBwb3N0Z3Jlc3FsIHBvc3RncmVzcWwtY29udHJpYiAteQ0KDQojIFN0YXJ0IHRoZSBQb3N0Z3JlU1FMIHNlcnZpY2UNCnN1ZG8gc3lzdGVtY3RsIHN0YXJ0IHBvc3RncmVzcWwuc2VydmljZQ0KDQojIENyZWF0ZSBhIFBvc3RncmVzU1FMIGRhdGFiYXNlDQpzdWRvIC11IHBvc3RncmVzIHBzcWwgLWMgIkNSRUFURSBEQVRBQkFTRSBmbGFza19kYjsiDQoNCiMgQ3JlYXRlIGEgUG9zdGdyZVNRTCB1c2VyIGFuZCBncmFudCBwcml2aWxlZ2VzIG9uIHRoZSBkYXRhYmFzZQ0Kc3VkbyAtdSBwb3N0Z3JlcyBwc3FsIC1jICJDUkVBVEUgVVNFUiB0YWwgV0lUSCBQQVNTV09SRCAndGFsJzsiDQpzdWRvIC11IHBvc3RncmVzIHBzcWwgLWMgIkdSQU5UIEFMTCBQUklWSUxFR0VTIE9OIERBVEFCQVNFIGZsYXNrX2RiIFRPIHRhbDsiDQoNCmVjaG8gImxpc3Rlbl9hZGRyZXNzZXMgPSAnKiciIHwgc3VkbyB0ZWUgLWEgL2V0Yy9wb3N0Z3Jlc3FsLyovbWFpbi9wb3N0Z3Jlc3FsLmNvbmYNCmVjaG8gImhvc3QgYWxsIGFsbCAxMC4wLjEuMC8yNCBtZDUiIHwgc3VkbyB0ZWUgLWEgL2V0Yy9wb3N0Z3Jlc3FsLyovbWFpbi9wZ19oYmEuY29uZg0Kc3VkbyBzeXN0ZW1jdGwgcmVzdGFydCBwb3N0Z3Jlc3FsLnNlcnZpY2UgDQoNCg0K\"}",
            "tags": {},
            "timeouts": null,
            "type": "CustomScript",
            "type_handler_version": "2.1",
            "virtual_machine_id": "/subscriptions/f99fd6bf-e5f7-4050-8a87-7b12f5d4bb9f/resourceGroups/rg-tr-westus/providers/Microsoft.Compute/virtualMachines/vm_db_tr_westus"
          },
          "sensitive_attributes": [],
          "private": "eyJlMmJmYjczMC1lY2FhLTExZTYtOGY4OC0zNDM2M2JjN2M0YzAiOnsiY3JlYXRlIjoxODAwMDAwMDAwMDAwLCJkZWxldGUiOjE4MDAwMDAwMDAwMDAsInJlYWQiOjMwMDAwMDAwMDAwMCwidXBkYXRlIjoxODAwMDAwMDAwMDAwfX0=",
          "dependencies": [
            "azurerm_linux_virtual_machine.az_vm_db",
            "azurerm_network_interface.az_nic_db",
            "azurerm_subnet.az_snet_db_tr_westus",
            "azurerm_virtual_network.az_vnet"
          ]
        }
      ]
    },
    {
      "mode": "managed",
      "type": "azurerm_virtual_machine_extension",
      "name": "az_vm_ext_script_webapp",
      "provider": "provider[\"registry.terraform.io/hashicorp/azurerm\"]",
      "instances": [
        {
          "schema_version": 0,
          "attributes": {
            "auto_upgrade_minor_version": false,
            "automatic_upgrade_enabled": false,
            "id": "/subscriptions/f99fd6bf-e5f7-4050-8a87-7b12f5d4bb9f/resourceGroups/rg-tr-westus/providers/Microsoft.Compute/virtualMachines/vm_webapp_tr_westus/extensions/vm-extension-webapp",
            "name": "vm-extension-webapp",
            "protected_settings": null,
            "publisher": "Microsoft.Azure.Extensions",
            "settings": "{\"script\":\"c3VkbyBhcHQgdXBkYXRlDQpzdWRvIGFwdCBpbnN0YWxsIC15IHB5dGhvbjMgcHl0aG9uMy1waXANCnN1ZG8gYXB0IGluc3RhbGwgbGlicHEtZGV2IC15DQpzdWRvIGFwdCBpbnN0YWxsIHB5dGhvbjMtZmxhc2sNCg0KcGlwMyBpbnN0YWxsIGZhc3RhcGkNCnBpcDMgaW5zdGFsbCB1dmljb3JuDQpwaXAzIGluc3RhbGwgcHN5Y29wZzINCnBpcDMgaW5zdGFsbCBGbGFzaw0KcGlwMyBpbnN0YWxsIEZsYXNrLVNRTEFsY2hlbXkNCg0KRmxhc2sgRmxhc2stU1FMQWxjaGVteSBwc3ljb3BnMg0KYXB0LWdldCBpbnN0YWxsIC15IHB5dGhvbjMtZmxhc2sgcHl0aG9uMy1pdHNkYW5nZXJvdXMgcHl0aG9uMy1weWlub3RpZnkgcHl0aG9uMy1zaW1wbGVqc29uIHB5dGhvbjMtd2Vya3pldWcNCmdpdCBjbG9uZSBodHRwczovL2dpdGh1Yi5jb20vdGFsMDk4MTIzL2JhcnVjaGlfcHJvamVjdC5naXQNCiMgUnVuIHRoZSBGbGFzayBhcHANCnB5dGhvbjMgL3Zhci9saWIvd2FhZ2VudC9jdXN0b20tc2NyaXB0L2Rvd25sb2FkLzAvdHJfcHJvZ2VjdC9mbGFza19hcHAvYXBwLnB5ICYNCg0KDQoNCg0K\"}",
            "tags": {},
            "timeouts": null,
            "type": "CustomScript",
            "type_handler_version": "2.1",
            "virtual_machine_id": "/subscriptions/f99fd6bf-e5f7-4050-8a87-7b12f5d4bb9f/resourceGroups/rg-tr-westus/providers/Microsoft.Compute/virtualMachines/vm_webapp_tr_westus"
          },
          "sensitive_attributes": [],
          "private": "eyJlMmJmYjczMC1lY2FhLTExZTYtOGY4OC0zNDM2M2JjN2M0YzAiOnsiY3JlYXRlIjoxODAwMDAwMDAwMDAwLCJkZWxldGUiOjE4MDAwMDAwMDAwMDAsInJlYWQiOjMwMDAwMDAwMDAwMCwidXBkYXRlIjoxODAwMDAwMDAwMDAwfX0=",
          "dependencies": [
            "azurerm_linux_virtual_machine.az_vm_db",
            "azurerm_linux_virtual_machine.az_vm_webapp",
            "azurerm_network_interface.az_nic_db",
            "azurerm_network_interface.az_nic_webapp",
            "azurerm_public_ip.az_pip_webapp",
            "azurerm_subnet.az_snet_db_tr_westus",
            "azurerm_subnet.az_snet_webapp_tr_westus",
            "azurerm_virtual_machine_extension.az_vm_ext_script_db",
            "azurerm_virtual_network.az_vnet"
          ]
        }
      ]
    },
    {
      "mode": "managed",
      "type": "azurerm_virtual_network",
      "name": "az_vnet",
      "provider": "provider[\"registry.terraform.io/hashicorp/azurerm\"]",
      "instances": [
        {
          "schema_version": 0,
          "attributes": {
            "address_space": [
              "10.0.0.0/16"
            ],
            "bgp_community": "",
            "ddos_protection_plan": [],
            "dns_servers": [],
            "edge_zone": "",
            "flow_timeout_in_minutes": 0,
            "guid": "b7a28136-fb62-4c8a-9470-b9b59bf6ff21",
            "id": "/subscriptions/f99fd6bf-e5f7-4050-8a87-7b12f5d4bb9f/resourceGroups/rg-tr-westus/providers/Microsoft.Network/virtualNetworks/vnet-tr-westus",
            "location": "westus",
            "name": "vnet-tr-westus",
            "resource_group_name": "rg-tr-westus",
            "subnet": [
              {
                "address_prefix": "10.0.0.0/24",
                "id": "/subscriptions/f99fd6bf-e5f7-4050-8a87-7b12f5d4bb9f/resourceGroups/rg-tr-westus/providers/Microsoft.Network/virtualNetworks/vnet-tr-westus/subnets/snet-db-tr-westus",
                "name": "snet-db-tr-westus",
                "security_group": "/subscriptions/f99fd6bf-e5f7-4050-8a87-7b12f5d4bb9f/resourceGroups/rg-tr-westus/providers/Microsoft.Network/networkSecurityGroups/nsg-db-tr-westus"
              },
              {
                "address_prefix": "10.0.1.0/24",
                "id": "/subscriptions/f99fd6bf-e5f7-4050-8a87-7b12f5d4bb9f/resourceGroups/rg-tr-westus/providers/Microsoft.Network/virtualNetworks/vnet-tr-westus/subnets/snet-webapp-tr-westus",
                "name": "snet-webapp-tr-westus",
                "security_group": "/subscriptions/f99fd6bf-e5f7-4050-8a87-7b12f5d4bb9f/resourceGroups/rg-tr-westus/providers/Microsoft.Network/networkSecurityGroups/nsg-webapp-tr-westus"
              }
            ],
            "tags": {},
            "timeouts": null
          },
          "sensitive_attributes": [],
          "private": "eyJlMmJmYjczMC1lY2FhLTExZTYtOGY4OC0zNDM2M2JjN2M0YzAiOnsiY3JlYXRlIjoxODAwMDAwMDAwMDAwLCJkZWxldGUiOjE4MDAwMDAwMDAwMDAsInJlYWQiOjMwMDAwMDAwMDAwMCwidXBkYXRlIjoxODAwMDAwMDAwMDAwfX0="
        }
      ]
    }
  ],
  "check_results": null
}
